
Microsoft Visual Studio Solution File, Format Version 12.00
# Visual Studio Version 17
VisualStudioVersion = 17.1.32328.378
MinimumVisualStudioVersion = 10.0.40219.1
Project("{9A19103F-16F7-4668-BE54-9A1E7A4F7556}") = "JumpMan", "JumpMan\JumpMan.csproj", "{F4102C73-8553-46F7-9A67-B1B7CF1DEA54}"
EndProject
Project("{9A19103F-16F7-4668-BE54-9A1E7A4F7556}") = "ScrapBox", "ScrapBox-Reborn\ScrapBox-Reborn\ScrapBox.csproj", "{60EC4082-DBBF-4CE4-8088-16C59F6C3C2D}"
EndProject
Project("{9A19103F-16F7-4668-BE54-9A1E7A4F7556}") = "ModTools", "ModTools\ModTools.csproj", "{DEA9EB5C-9549-480D-ADE6-E66B76609547}"
EndProject
Global
	GlobalSection(SolutionConfigurationPlatforms) = preSolution
		Debug|Any CPU = Debug|Any CPU
		Release|Any CPU = Release|Any CPU
	EndGlobalSection
	GlobalSection(ProjectConfigurationPlatforms) = postSolution
		{F4102C73-8553-46F7-9A67-B1B7CF1DEA54}.Debug|Any CPU.ActiveCfg = Debug|Any CPU
		{F4102C73-8553-46F7-9A67-B1B7CF1DEA54}.Debug|Any CPU.Build.0 = Debug|Any CPU
		{F4102C73-8553-46F7-9A67-B1B7CF1DEA54}.Release|Any CPU.ActiveCfg = Release|Any CPU
		{F4102C73-8553-46F7-9A67-B1B7CF1DEA54}.Release|Any CPU.Build.0 = Release|Any CPU
		{60EC4082-DBBF-4CE4-8088-16C59F6C3C2D}.Debug|Any CPU.ActiveCfg = Debug|Any CPU
		{60EC4082-DBBF-4CE4-8088-16C59F6C3C2D}.Debug|Any CPU.Build.0 = Debug|Any CPU
		{60EC4082-DBBF-4CE4-8088-16C59F6C3C2D}.Release|Any CPU.ActiveCfg = Release|Any CPU
		{60EC4082-DBBF-4CE4-8088-16C59F6C3C2D}.Release|Any CPU.Build.0 = Release|Any CPU
		{DEA9EB5C-9549-480D-ADE6-E66B76609547}.Debug|Any CPU.ActiveCfg = Debug|Any CPU
		{DEA9EB5C-9549-480D-ADE6-E66B76609547}.Debug|Any CPU.Build.0 = Debug|Any CPU
		{DEA9EB5C-9549-480D-ADE6-E66B76609547}.Release|Any CPU.ActiveCfg = Release|Any CPU
		{DEA9EB5C-9549-480D-ADE6-E66B76609547}.Release|Any CPU.Build.0 = Release|Any CPU
	EndGlobalSection
	GlobalSection(SolutionProperties) = preSolution
		HideSolutionNode = FALSE
	EndGlobalSection
	GlobalSection(ExtensibilityGlobals) = postSolution
		SolutionGuid = {725F5426-9A36-4F91-8230-464087BDEA67}
	EndGlobalSection
EndGlobal
